# THIS IS AN AUTOGENERATED FILE. DO NOT EDIT THIS FILE DIRECTLY.
# yarn lockfile v1


"@types/commander@^2.12.2":
  version "2.12.2"
  resolved "https://registry.npm.taobao.org/@types/commander/download/@types/commander-2.12.2.tgz#183041a23842d4281478fa5d23c5ca78e6fd08ae"
  integrity sha1-GDBBojhC1CgUePpdI8XKeOb9CK4=
  dependencies:
    commander "*"

"@types/node@^15.12.2":
  version "15.12.2"
  resolved "https://registry.nlark.com/@types/node/download/@types/node-15.12.2.tgz#1f2b42c4be7156ff4a6f914b2fb03d05fa84e38d"
  integrity sha1-HytCxL5xVv9Kb5FLL7A9BfqE440=

commander@*, commander@^7.2.0:
  version "7.2.0"
  resolved "https://registry.nlark.com/commander/download/commander-7.2.0.tgz#a36cb57d0b501ce108e4d20559a150a391d97ab7"
  integrity sha1-o2y1fQtQHOEI5NIFWaFQo5HZerc=
